
Microsoft Visual Studio Solution File, Format Version 12.00
# Visual Studio Version 17
VisualStudioVersion = 17.6.33829.357
MinimumVisualStudioVersion = 10.0.40219.1
Project("{FAE04EC0-301F-11D3-BF4B-00C04F79EFBC}") = "WeddingMApp.Android", "WeddingMApp\WeddingMApp.Android\WeddingMApp.Android.csproj", "{B200E008-A4BE-45E8-B278-FE548E597C23}"
EndProject
Project("{FAE04EC0-301F-11D3-BF4B-00C04F79EFBC}") = "WeddingMApp", "WeddingMApp\WeddingMApp\WeddingMApp.csproj", "{EA588FD2-5D9E-43C6-9D88-64B3BE810123}"
EndProject
Global
	GlobalSection(SolutionConfigurationPlatforms) = preSolution
		Debug|Any CPU = Debug|Any CPU
		Release|Any CPU = Release|Any CPU
	EndGlobalSection
	GlobalSection(ProjectConfigurationPlatforms) = postSolution
		{B200E008-A4BE-45E8-B278-FE548E597C23}.Debug|Any CPU.ActiveCfg = Debug|Any CPU
		{B200E008-A4BE-45E8-B278-FE548E597C23}.Debug|Any CPU.Build.0 = Debug|Any CPU
		{B200E008-A4BE-45E8-B278-FE548E597C23}.Debug|Any CPU.Deploy.0 = Debug|Any CPU
		{B200E008-A4BE-45E8-B278-FE548E597C23}.Release|Any CPU.ActiveCfg = Release|Any CPU
		{B200E008-A4BE-45E8-B278-FE548E597C23}.Release|Any CPU.Build.0 = Release|Any CPU
		{B200E008-A4BE-45E8-B278-FE548E597C23}.Release|Any CPU.Deploy.0 = Release|Any CPU
		{EA588FD2-5D9E-43C6-9D88-64B3BE810123}.Debug|Any CPU.ActiveCfg = Debug|Any CPU
		{EA588FD2-5D9E-43C6-9D88-64B3BE810123}.Debug|Any CPU.Build.0 = Debug|Any CPU
		{EA588FD2-5D9E-43C6-9D88-64B3BE810123}.Debug|Any CPU.Deploy.0 = Debug|Any CPU
		{EA588FD2-5D9E-43C6-9D88-64B3BE810123}.Release|Any CPU.ActiveCfg = Release|Any CPU
		{EA588FD2-5D9E-43C6-9D88-64B3BE810123}.Release|Any CPU.Build.0 = Release|Any CPU
		{EA588FD2-5D9E-43C6-9D88-64B3BE810123}.Release|Any CPU.Deploy.0 = Release|Any CPU
	EndGlobalSection
	GlobalSection(SolutionProperties) = preSolution
		HideSolutionNode = FALSE
	EndGlobalSection
	GlobalSection(ExtensibilityGlobals) = postSolution
		SolutionGuid = {C885E7B8-63C7-486F-A64A-E185D968D518}
	EndGlobalSection
EndGlobal
